
Microsoft Visual Studio Solution File, Format Version 12.00
# Visual Studio Version 16
VisualStudioVersion = 16.0.30330.147
MinimumVisualStudioVersion = 10.0.40219.1
Project("{9A19103F-16F7-4668-BE54-9A1E7A4F7556}") = "SProfTIAPI", "src\SProfTIAPI\SProfTIAPI.csproj", "{4982C356-79BF-427F-949C-49DFC2FD503E}"
EndProject
Project("{FAE04EC0-301F-11D3-BF4B-00C04F79EFBC}") = "SprofTI.Infrastructure", "src\SProfTIAPI\Infrastructure\SprofTI.Infrastructure\SprofTI.Infrastructure.csproj", "{7FCCECA7-A03D-4D08-92D0-9D2E95CCC3CE}"
EndProject
Global
	GlobalSection(SolutionConfigurationPlatforms) = preSolution
		Debug|Any CPU = Debug|Any CPU
		Release|Any CPU = Release|Any CPU
	EndGlobalSection
	GlobalSection(ProjectConfigurationPlatforms) = postSolution
		{4982C356-79BF-427F-949C-49DFC2FD503E}.Debug|Any CPU.ActiveCfg = Debug|Any CPU
		{4982C356-79BF-427F-949C-49DFC2FD503E}.Debug|Any CPU.Build.0 = Debug|Any CPU
		{4982C356-79BF-427F-949C-49DFC2FD503E}.Release|Any CPU.ActiveCfg = Release|Any CPU
		{4982C356-79BF-427F-949C-49DFC2FD503E}.Release|Any CPU.Build.0 = Release|Any CPU
		{7FCCECA7-A03D-4D08-92D0-9D2E95CCC3CE}.Debug|Any CPU.ActiveCfg = Debug|Any CPU
		{7FCCECA7-A03D-4D08-92D0-9D2E95CCC3CE}.Debug|Any CPU.Build.0 = Debug|Any CPU
		{7FCCECA7-A03D-4D08-92D0-9D2E95CCC3CE}.Release|Any CPU.ActiveCfg = Release|Any CPU
		{7FCCECA7-A03D-4D08-92D0-9D2E95CCC3CE}.Release|Any CPU.Build.0 = Release|Any CPU
	EndGlobalSection
	GlobalSection(SolutionProperties) = preSolution
		HideSolutionNode = FALSE
	EndGlobalSection
	GlobalSection(ExtensibilityGlobals) = postSolution
		SolutionGuid = {C1B0AF3A-657F-49F3-B578-2773433906FE}
	EndGlobalSection
EndGlobal
